
Microsoft Visual Studio Solution File, Format Version 12.00
# Visual Studio Version 17
VisualStudioVersion = 17.10.35122.118
MinimumVisualStudioVersion = 10.0.40219.1
Project("{F184B08F-C81C-45F6-A57F-5ABD9991F28F}") = "TipCalculator", "TipCalculator\TipCalculator.vbproj", "{B31A653B-990F-48DA-913A-D1DDBB8F04B5}"
EndProject
Global
	GlobalSection(SolutionConfigurationPlatforms) = preSolution
		Debug|Any CPU = Debug|Any CPU
		Release|Any CPU = Release|Any CPU
	EndGlobalSection
	GlobalSection(ProjectConfigurationPlatforms) = postSolution
		{B31A653B-990F-48DA-913A-D1DDBB8F04B5}.Debug|Any CPU.ActiveCfg = Debug|Any CPU
		{B31A653B-990F-48DA-913A-D1DDBB8F04B5}.Debug|Any CPU.Build.0 = Debug|Any CPU
		{B31A653B-990F-48DA-913A-D1DDBB8F04B5}.Release|Any CPU.ActiveCfg = Release|Any CPU
		{B31A653B-990F-48DA-913A-D1DDBB8F04B5}.Release|Any CPU.Build.0 = Release|Any CPU
	EndGlobalSection
	GlobalSection(SolutionProperties) = preSolution
		HideSolutionNode = FALSE
	EndGlobalSection
	GlobalSection(ExtensibilityGlobals) = postSolution
		SolutionGuid = {35A04B04-EE97-4819-A84E-46D63E46660E}
	EndGlobalSection
EndGlobal
