
Microsoft Visual Studio Solution File, Format Version 12.00
# Visual Studio Version 17
VisualStudioVersion = 17.10.35122.118
MinimumVisualStudioVersion = 10.0.40219.1
Project("{F184B08F-C81C-45F6-A57F-5ABD9991F28F}") = "ughhhhh", "ughhhhh\ughhhhh.vbproj", "{6C119D23-9385-4592-A7A3-92E08C3C1EA4}"
EndProject
Global
	GlobalSection(SolutionConfigurationPlatforms) = preSolution
		Debug|Any CPU = Debug|Any CPU
		Release|Any CPU = Release|Any CPU
	EndGlobalSection
	GlobalSection(ProjectConfigurationPlatforms) = postSolution
		{6C119D23-9385-4592-A7A3-92E08C3C1EA4}.Debug|Any CPU.ActiveCfg = Debug|Any CPU
		{6C119D23-9385-4592-A7A3-92E08C3C1EA4}.Debug|Any CPU.Build.0 = Debug|Any CPU
		{6C119D23-9385-4592-A7A3-92E08C3C1EA4}.Release|Any CPU.ActiveCfg = Release|Any CPU
		{6C119D23-9385-4592-A7A3-92E08C3C1EA4}.Release|Any CPU.Build.0 = Release|Any CPU
	EndGlobalSection
	GlobalSection(SolutionProperties) = preSolution
		HideSolutionNode = FALSE
	EndGlobalSection
	GlobalSection(ExtensibilityGlobals) = postSolution
		SolutionGuid = {9E16F5A6-E9F2-4D52-ADF7-6223A8213787}
	EndGlobalSection
EndGlobal
