
Microsoft Visual Studio Solution File, Format Version 12.00
# Visual Studio Version 17
VisualStudioVersion = 17.10.35122.118
MinimumVisualStudioVersion = 10.0.40219.1
Project("{F184B08F-C81C-45F6-A57F-5ABD9991F28F}") = "unit", "unit\unit.vbproj", "{920648D8-6A1E-4D0D-9AD6-983B4677BD32}"
EndProject
Global
	GlobalSection(SolutionConfigurationPlatforms) = preSolution
		Debug|Any CPU = Debug|Any CPU
		Release|Any CPU = Release|Any CPU
	EndGlobalSection
	GlobalSection(ProjectConfigurationPlatforms) = postSolution
		{920648D8-6A1E-4D0D-9AD6-983B4677BD32}.Debug|Any CPU.ActiveCfg = Debug|Any CPU
		{920648D8-6A1E-4D0D-9AD6-983B4677BD32}.Debug|Any CPU.Build.0 = Debug|Any CPU
		{920648D8-6A1E-4D0D-9AD6-983B4677BD32}.Release|Any CPU.ActiveCfg = Release|Any CPU
		{920648D8-6A1E-4D0D-9AD6-983B4677BD32}.Release|Any CPU.Build.0 = Release|Any CPU
	EndGlobalSection
	GlobalSection(SolutionProperties) = preSolution
		HideSolutionNode = FALSE
	EndGlobalSection
	GlobalSection(ExtensibilityGlobals) = postSolution
		SolutionGuid = {DB1A119C-04CC-4023-8506-D1CC60D80706}
	EndGlobalSection
EndGlobal
