
Microsoft Visual Studio Solution File, Format Version 12.00
# Visual Studio Version 17
VisualStudioVersion = 17.10.35122.118
MinimumVisualStudioVersion = 10.0.40219.1
Project("{F184B08F-C81C-45F6-A57F-5ABD9991F28F}") = "currency", "currency\currency.vbproj", "{5361E4C9-0606-4B16-BEF4-CD414782677E}"
EndProject
Global
	GlobalSection(SolutionConfigurationPlatforms) = preSolution
		Debug|Any CPU = Debug|Any CPU
		Release|Any CPU = Release|Any CPU
	EndGlobalSection
	GlobalSection(ProjectConfigurationPlatforms) = postSolution
		{5361E4C9-0606-4B16-BEF4-CD414782677E}.Debug|Any CPU.ActiveCfg = Debug|Any CPU
		{5361E4C9-0606-4B16-BEF4-CD414782677E}.Debug|Any CPU.Build.0 = Debug|Any CPU
		{5361E4C9-0606-4B16-BEF4-CD414782677E}.Release|Any CPU.ActiveCfg = Release|Any CPU
		{5361E4C9-0606-4B16-BEF4-CD414782677E}.Release|Any CPU.Build.0 = Release|Any CPU
	EndGlobalSection
	GlobalSection(SolutionProperties) = preSolution
		HideSolutionNode = FALSE
	EndGlobalSection
	GlobalSection(ExtensibilityGlobals) = postSolution
		SolutionGuid = {C1AA937A-7ED8-4D07-9193-B8377928F8F7}
	EndGlobalSection
EndGlobal
