
Microsoft Visual Studio Solution File, Format Version 12.00
# Visual Studio Version 17
VisualStudioVersion = 17.10.35122.118
MinimumVisualStudioVersion = 10.0.40219.1
Project("{F184B08F-C81C-45F6-A57F-5ABD9991F28F}") = "Cabel Direct", "Cabel Direct\Cabel Direct.vbproj", "{FA805267-FDD2-4C08-9ED2-495CB447203A}"
EndProject
Global
	GlobalSection(SolutionConfigurationPlatforms) = preSolution
		Debug|Any CPU = Debug|Any CPU
		Release|Any CPU = Release|Any CPU
	EndGlobalSection
	GlobalSection(ProjectConfigurationPlatforms) = postSolution
		{FA805267-FDD2-4C08-9ED2-495CB447203A}.Debug|Any CPU.ActiveCfg = Debug|Any CPU
		{FA805267-FDD2-4C08-9ED2-495CB447203A}.Debug|Any CPU.Build.0 = Debug|Any CPU
		{FA805267-FDD2-4C08-9ED2-495CB447203A}.Release|Any CPU.ActiveCfg = Release|Any CPU
		{FA805267-FDD2-4C08-9ED2-495CB447203A}.Release|Any CPU.Build.0 = Release|Any CPU
	EndGlobalSection
	GlobalSection(SolutionProperties) = preSolution
		HideSolutionNode = FALSE
	EndGlobalSection
	GlobalSection(ExtensibilityGlobals) = postSolution
		SolutionGuid = {7FD4EC29-223F-4505-A05F-B2AAD41AB97E}
	EndGlobalSection
EndGlobal
